
Microsoft Visual Studio Solution File, Format Version 12.00
# Visual Studio Version 17
VisualStudioVersion = 17.0.31903.59
MinimumVisualStudioVersion = 10.0.40219.1
Project("{FAE04EC0-301F-11D3-BF4B-00C04F79EFBC}") = "StringLibrary", "StringLibrary\StringLibrary.csproj", "{64340F16-C921-45ED-B244-EF1DDA457F79}"
EndProject
Project("{FAE04EC0-301F-11D3-BF4B-00C04F79EFBC}") = "ShowCase", "ShowCase\ShowCase.csproj", "{628562F6-A87E-4C25-A0BA-C3D7EDF0EE50}"
EndProject
Project("{FAE04EC0-301F-11D3-BF4B-00C04F79EFBC}") = "StringLibraryTest", "StringLibraryTest\StringLibraryTest.csproj", "{B7EE6069-5303-4484-8089-39F265B7F25D}"
EndProject
Global
	GlobalSection(SolutionConfigurationPlatforms) = preSolution
		Debug|Any CPU = Debug|Any CPU
		Release|Any CPU = Release|Any CPU
	EndGlobalSection
	GlobalSection(SolutionProperties) = preSolution
		HideSolutionNode = FALSE
	EndGlobalSection
	GlobalSection(ProjectConfigurationPlatforms) = postSolution
		{64340F16-C921-45ED-B244-EF1DDA457F79}.Debug|Any CPU.ActiveCfg = Debug|Any CPU
		{64340F16-C921-45ED-B244-EF1DDA457F79}.Debug|Any CPU.Build.0 = Debug|Any CPU
		{64340F16-C921-45ED-B244-EF1DDA457F79}.Release|Any CPU.ActiveCfg = Release|Any CPU
		{64340F16-C921-45ED-B244-EF1DDA457F79}.Release|Any CPU.Build.0 = Release|Any CPU
		{628562F6-A87E-4C25-A0BA-C3D7EDF0EE50}.Debug|Any CPU.ActiveCfg = Debug|Any CPU
		{628562F6-A87E-4C25-A0BA-C3D7EDF0EE50}.Debug|Any CPU.Build.0 = Debug|Any CPU
		{628562F6-A87E-4C25-A0BA-C3D7EDF0EE50}.Release|Any CPU.ActiveCfg = Release|Any CPU
		{628562F6-A87E-4C25-A0BA-C3D7EDF0EE50}.Release|Any CPU.Build.0 = Release|Any CPU
		{B7EE6069-5303-4484-8089-39F265B7F25D}.Debug|Any CPU.ActiveCfg = Debug|Any CPU
		{B7EE6069-5303-4484-8089-39F265B7F25D}.Debug|Any CPU.Build.0 = Debug|Any CPU
		{B7EE6069-5303-4484-8089-39F265B7F25D}.Release|Any CPU.ActiveCfg = Release|Any CPU
		{B7EE6069-5303-4484-8089-39F265B7F25D}.Release|Any CPU.Build.0 = Release|Any CPU
	EndGlobalSection
EndGlobal
